<?xml version="1.0" encoding="utf-8"?>
<Project ToolsVersion="4.0" xmlns="http://schemas.microsoft.com/developer/msbuild/2003">
  <ItemGroup>
    <Filter Include="Исходные файлы">
      <UniqueIdentifier>{4FC737F1-C7A5-4376-A066-2A32D752A2FF}</UniqueIdentifier>
      <Extensions>cpp;c;cc;cxx;c++;cppm;ixx;def;odl;idl;hpj;bat;asm;asmx</Extensions>
    </Filter>
    <Filter Include="Файлы заголовков">
      <UniqueIdentifier>{93995380-89BD-4b04-88EB-625FBE52EBFB}</UniqueIdentifier>
      <Extensions>h;hh;hpp;hxx;h++;hm;inl;inc;ipp;xsd</Extensions>
    </Filter>
    <Filter Include="Файлы ресурсов">
      <UniqueIdentifier>{67DA6AB6-F800-4c08-8B7A-83BB121AAD01}</UniqueIdentifier>
      <Extensions>rc;ico;cur;bmp;dlg;rc2;rct;bin;rgs;gif;jpg;jpeg;jpe;resx;tiff;tif;png;wav;mfcribbon-ms</Extensions>
    </Filter>
    <Filter Include="External">
      <UniqueIdentifier>{8db5c646-4367-41cd-a71b-41287088d9ee}</UniqueIdentifier>
    </Filter>
    <Filter Include="Game">
      <UniqueIdentifier>{d7ad6b52-3bcc-42ed-ba5b-24068da2a795}</UniqueIdentifier>
    </Filter>
    <Filter Include="Player">
      <UniqueIdentifier>{2e462023-f587-4846-bca9-9650e29a64c9}</UniqueIdentifier>
    </Filter>
    <Filter Include="Asteroid">
      <UniqueIdentifier>{f2d90d13-bf6a-4724-a9e1-68fe6ee83473}</UniqueIdentifier>
    </Filter>
    <Filter Include="Map">
      <UniqueIdentifier>{897b9b48-2f88-40b1-8be7-b44803c75981}</UniqueIdentifier>
    </Filter>
    <Filter Include="Crosshair">
      <UniqueIdentifier>{61c9afff-abbd-4a87-b848-f2dae82ca097}</UniqueIdentifier>
    </Filter>
    <Filter Include="Bullet">
      <UniqueIdentifier>{3ecbbfc0-376c-4778-9756-f5bd9740c0d1}</UniqueIdentifier>
    </Filter>
    <Filter Include="Upgrades">
      <UniqueIdentifier>{eda023f9-f964-4cb2-96a7-9774ed69b79b}</UniqueIdentifier>
    </Filter>
    <Filter Include="Upgrades\Shield">
      <UniqueIdentifier>{e89d0d64-63ba-4d7b-851d-d3bbb9508bf5}</UniqueIdentifier>
    </Filter>
  </ItemGroup>
  <ItemGroup>
    <ClInclude Include="Framework.h">
      <Filter>External</Filter>
    </ClInclude>
    <ClInclude Include="Game.h">
      <Filter>Game</Filter>
    </ClInclude>
    <ClInclude Include="Player.h">
      <Filter>Player</Filter>
    </ClInclude>
    <ClInclude Include="Asteroid.h">
      <Filter>Asteroid</Filter>
    </ClInclude>
    <ClInclude Include="Map.h">
      <Filter>Map</Filter>
    </ClInclude>
    <ClInclude Include="Crosshair.h">
      <Filter>Crosshair</Filter>
    </ClInclude>
    <ClInclude Include="Bullet.h">
      <Filter>Bullet</Filter>
    </ClInclude>
    <ClInclude Include="Upgrade.h">
      <Filter>Upgrades</Filter>
    </ClInclude>
    <ClInclude Include="Shield.h">
      <Filter>Upgrades\Shield</Filter>
    </ClInclude>
  </ItemGroup>
  <ItemGroup>
    <ClCompile Include="main.cpp">
      <Filter>Исходные файлы</Filter>
    </ClCompile>
    <ClCompile Include="Game.cpp">
      <Filter>Game</Filter>
    </ClCompile>
    <ClCompile Include="Player.cpp">
      <Filter>Player</Filter>
    </ClCompile>
    <ClCompile Include="Asteroid.cpp">
      <Filter>Asteroid</Filter>
    </ClCompile>
    <ClCompile Include="Map.cpp">
      <Filter>Map</Filter>
    </ClCompile>
    <ClCompile Include="Crosshair.cpp">
      <Filter>Crosshair</Filter>
    </ClCompile>
    <ClCompile Include="Bullet.cpp">
      <Filter>Bullet</Filter>
    </ClCompile>
    <ClCompile Include="Upgrade.cpp">
      <Filter>Upgrades</Filter>
    </ClCompile>
    <ClCompile Include="Shield.cpp">
      <Filter>Upgrades\Shield</Filter>
    </ClCompile>
  </ItemGroup>
</Project>